
Microsoft Visual Studio Solution File, Format Version 12.00
# Visual Studio Version 17
VisualStudioVersion = 17.5.33516.290
MinimumVisualStudioVersion = 10.0.40219.1
Project("{FAE04EC0-301F-11D3-BF4B-00C04F79EFBC}") = "AdventureWorks", "AdventureWorks\AdventureWorks.csproj", "{311414E3-1938-4A93-B99C-A255E741C275}"
EndProject
Project("{FAE04EC0-301F-11D3-BF4B-00C04F79EFBC}") = "EF_AdvectureWorks", "EF_AdvectureWorks\EF_AdvectureWorks.csproj", "{8AE4F9B0-E67D-4A63-9D1B-522B88549D63}"
EndProject
Global
	GlobalSection(SolutionConfigurationPlatforms) = preSolution
		Debug|Any CPU = Debug|Any CPU
		Release|Any CPU = Release|Any CPU
	EndGlobalSection
	GlobalSection(ProjectConfigurationPlatforms) = postSolution
		{311414E3-1938-4A93-B99C-A255E741C275}.Debug|Any CPU.ActiveCfg = Debug|Any CPU
		{311414E3-1938-4A93-B99C-A255E741C275}.Debug|Any CPU.Build.0 = Debug|Any CPU
		{311414E3-1938-4A93-B99C-A255E741C275}.Release|Any CPU.ActiveCfg = Release|Any CPU
		{311414E3-1938-4A93-B99C-A255E741C275}.Release|Any CPU.Build.0 = Release|Any CPU
		{8AE4F9B0-E67D-4A63-9D1B-522B88549D63}.Debug|Any CPU.ActiveCfg = Debug|Any CPU
		{8AE4F9B0-E67D-4A63-9D1B-522B88549D63}.Debug|Any CPU.Build.0 = Debug|Any CPU
		{8AE4F9B0-E67D-4A63-9D1B-522B88549D63}.Release|Any CPU.ActiveCfg = Release|Any CPU
		{8AE4F9B0-E67D-4A63-9D1B-522B88549D63}.Release|Any CPU.Build.0 = Release|Any CPU
	EndGlobalSection
	GlobalSection(SolutionProperties) = preSolution
		HideSolutionNode = FALSE
	EndGlobalSection
	GlobalSection(ExtensibilityGlobals) = postSolution
		SolutionGuid = {BFCFA5D5-077A-43AA-A112-B8AA94641D2A}
	EndGlobalSection
EndGlobal
